Microsoft Visual Studio Solution File, Format Version 12.00
# Visual Studio Version 17
VisualStudioVersion = 17.5.2.0
MinimumVisualStudioVersion = 10.0.40219.1
Project("{FAE04EC0-301F-11D3-BF4B-00C04F79EFBC}") = "Day3", "Day3\Day3.csproj", "{06DAEF29-AFA7-2E6E-511B-F76E55C60EC4}"
EndProject
Global
	GlobalSection(SolutionConfigurationPlatforms) = preSolution
		Debug|Any CPU = Debug|Any CPU
		Release|Any CPU = Release|Any CPU
	EndGlobalSection
	GlobalSection(ProjectConfigurationPlatforms) = postSolution
		{06DAEF29-AFA7-2E6E-511B-F76E55C60EC4}.Debug|Any CPU.ActiveCfg = Debug|Any CPU
		{06DAEF29-AFA7-2E6E-511B-F76E55C60EC4}.Debug|Any CPU.Build.0 = Debug|Any CPU
		{06DAEF29-AFA7-2E6E-511B-F76E55C60EC4}.Release|Any CPU.ActiveCfg = Release|Any CPU
		{06DAEF29-AFA7-2E6E-511B-F76E55C60EC4}.Release|Any CPU.Build.0 = Release|Any CPU
	EndGlobalSection
	GlobalSection(SolutionProperties) = preSolution
		HideSolutionNode = FALSE
	EndGlobalSection
	GlobalSection(ExtensibilityGlobals) = postSolution
		SolutionGuid = {52F76A2A-C454-4BCA-ADF8-14A4BB5CBE9D}
	EndGlobalSection
EndGlobal
